
Microsoft Visual Studio Solution File, Format Version 12.00
# Visual Studio Version 17
VisualStudioVersion = 17.6.33829.357
MinimumVisualStudioVersion = 10.0.40219.1
Project("{FAE04EC0-301F-11D3-BF4B-00C04F79EFBC}") = "01_population_growth", "01_population_growth.csproj", "{860439BA-6651-4E3D-8D93-9AFFCCB5B550}"
EndProject
Global
	GlobalSection(SolutionConfigurationPlatforms) = preSolution
		Debug|Any CPU = Debug|Any CPU
		Release|Any CPU = Release|Any CPU
	EndGlobalSection
	GlobalSection(ProjectConfigurationPlatforms) = postSolution
		{860439BA-6651-4E3D-8D93-9AFFCCB5B550}.Debug|Any CPU.ActiveCfg = Debug|Any CPU
		{860439BA-6651-4E3D-8D93-9AFFCCB5B550}.Debug|Any CPU.Build.0 = Debug|Any CPU
		{860439BA-6651-4E3D-8D93-9AFFCCB5B550}.Release|Any CPU.ActiveCfg = Release|Any CPU
		{860439BA-6651-4E3D-8D93-9AFFCCB5B550}.Release|Any CPU.Build.0 = Release|Any CPU
	EndGlobalSection
	GlobalSection(SolutionProperties) = preSolution
		HideSolutionNode = FALSE
	EndGlobalSection
	GlobalSection(ExtensibilityGlobals) = postSolution
		SolutionGuid = {9300C4A9-9B46-467D-9B62-68B4CD1C7A07}
	EndGlobalSection
EndGlobal
